Microsoft Visual Studio Solution File, Format Version 10.00
# Visual Studio 2008
Project("{2150E333-8FDC-42A3-9474-1A3956D46DE8}") = "(JavaScriptCore)", "third_party\WebKit\JavaScriptCore", "{1F1A77BD-507E-DADF-A888-76CD54279D6D}"
EndProject
Project("{2150E333-8FDC-42A3-9474-1A3956D46DE8}") = "(JavaScriptCore.gyp)", "third_party\WebKit\JavaScriptCore\JavaScriptCore.gyp", "{BB6FE021-BEDC-DDBC-04ED-4B76258204A6}"
EndProject
Project("{2150E333-8FDC-42A3-9474-1A3956D46DE8}") = "(WebCore)", "third_party\WebKit\WebCore", "{A8BC79F2-F2ED-8F35-5EA9-B0CE6F648668}"
EndProject
Project("{2150E333-8FDC-42A3-9474-1A3956D46DE8}") = "(WebCore.gyp)", "third_party\WebKit\WebCore\WebCore.gyp", "{26F5709A-032E-8B3E-43E5-73FD0F7FD013}"
EndProject
Project("{2150E333-8FDC-42A3-9474-1A3956D46DE8}") = "(WebKit)", "third_party\WebKit", "{7C6CDB29-38D7-8364-748C-AEAAD8CCFB36}"
EndProject
Project("{2150E333-8FDC-42A3-9474-1A3956D46DE8}") = "(angle)", "third_party\angle", "{E84BD6B4-44F2-6E18-7DE5-1E60AEB78443}"
EndProject
Project("{2150E333-8FDC-42A3-9474-1A3956D46DE8}") = "(base)", "base", "{9785FB75-982A-5DE3-252D-3F288B9FEF5B}"
EndProject
Project("{2150E333-8FDC-42A3-9474-1A3956D46DE8}") = "(build)", "build", "{BC1FC5DA-9C54-7D77-0BFF-DEDDFD7A8F6C}"
EndProject
Project("{2150E333-8FDC-42A3-9474-1A3956D46DE8}") = "(gpu)", "gpu", "{C2E276B7-2737-A889-723C-CE2956B80FB7}"
EndProject
Project("{2150E333-8FDC-42A3-9474-1A3956D46DE8}") = "(gyp)", "v8\tools\gyp", "{7FAA885C-04CF-4C6B-16F0-E9F0B44641AF}"
EndProject
Project("{2150E333-8FDC-42A3-9474-1A3956D46DE8}") = "(icu)", "third_party\icu", "{2DE59335-96CE-10CA-CDE5-FEC35E3549BB}"
EndProject
Project("{2150E333-8FDC-42A3-9474-1A3956D46DE8}") = "(nss)", "third_party\nss", "{CD014008-1CDB-809B-D770-C67A261539F7}"
EndProject
Project("{2150E333-8FDC-42A3-9474-1A3956D46DE8}") = "(skia)", "skia", "{5B17195B-58DF-4533-4FE7-D2747913694E}"
EndProject
Project("{2150E333-8FDC-42A3-9474-1A3956D46DE8}") = "(src)", "third_party\angle\src", "{1AF8C68F-B8D1-BD7D-27E7-9BA001DECAFD}"
EndProject
Project("{2150E333-8FDC-42A3-9474-1A3956D46DE8}") = "(temp_gyp)", "build\temp_gyp", "{299D9456-929B-5224-943D-BFC2576C69EA}"
EndProject
Project("{2150E333-8FDC-42A3-9474-1A3956D46DE8}") = "(third_party)", "base\third_party", "{3E7FA5AF-27B3-2DE0-883C-12F98E7F4E81}"
EndProject
Project("{2150E333-8FDC-42A3-9474-1A3956D46DE8}") = "(third_party)", "third_party", "{89C816A7-DD31-D54C-C69C-5A80E0C49B77}"
EndProject
Project("{2150E333-8FDC-42A3-9474-1A3956D46DE8}") = "(tools)", "v8\tools", "{E95778BD-E4AC-C3D0-84EF-83684E04593A}"
EndProject
Project("{2150E333-8FDC-42A3-9474-1A3956D46DE8}") = "(v8)", "v8", "{F3545621-A177-A1E7-26DB-108FF716F075}"
EndProject
Project("{2150E333-8FDC-42A3-9474-1A3956D46DE8}") = "(win)", "build\win", "{E8172FD5-71EF-020B-71B0-9838CD43BF8E}"
EndProject
Project("{8BC9CEB8-8B4A-11D0-8D11-00A0C91BC942}") = "base", "..\..\..\..\base\base.vcproj", "{1832A374-8A74-4F9E-B536-69A699B3E165}"
EndProject
Project("{8BC9CEB8-8B4A-11D0-8D11-00A0C91BC942}") = "command_buffer_client", "..\..\..\..\gpu\command_buffer_client.vcproj", "{73567E7A-CD96-9778-5847-70084CD79BAD}"
EndProject
Project("{8BC9CEB8-8B4A-11D0-8D11-00A0C91BC942}") = "command_buffer_common", "..\..\..\..\gpu\command_buffer_common.vcproj", "{86DB0F97-A41F-34F1-2F87-CB28A427FA21}"
EndProject
Project("{8BC9CEB8-8B4A-11D0-8D11-00A0C91BC942}") = "cygwin", "..\..\..\..\build\win\cygwin.vcproj", "{D28CF9C7-B857-C11E-B94D-ECA46CDEB3CE}"
EndProject
Project("{8BC9CEB8-8B4A-11D0-8D11-00A0C91BC942}") = "dynamic_annotations", "..\..\..\..\base\third_party\dynamic_annotations\dynamic_annotations.vcproj", "{EF3AD1A1-5FA6-4B70-9CCC-F5AE4C6D0892}"
EndProject
Project("{8BC9CEB8-8B4A-11D0-8D11-00A0C91BC942}") = "gles2_c_lib", "..\..\..\..\gpu\gles2_c_lib.vcproj", "{3FDEE94A-9D58-DECE-74BA-5565754EFEFF}"
EndProject
Project("{8BC9CEB8-8B4A-11D0-8D11-00A0C91BC942}") = "gles2_cmd_helper", "..\..\..\..\gpu\gles2_cmd_helper.vcproj", "{0B3473E8-0E51-FD23-D332-32215C62FCC8}"
EndProject
Project("{8BC9CEB8-8B4A-11D0-8D11-00A0C91BC942}") = "gles2_implementation", "..\..\..\..\gpu\gles2_implementation.vcproj", "{F6795CB7-29A6-7345-A30E-0F620B45EA88}"
EndProject
Project("{8BC9CEB8-8B4A-11D0-8D11-00A0C91BC942}") = "gles2_lib", "..\..\..\..\gpu\gles2_lib.vcproj", "{6B46BC09-E420-1A88-B5A6-C948B762DB4D}"
EndProject
Project("{8BC9CEB8-8B4A-11D0-8D11-00A0C91BC942}") = "googleurl", "..\..\..\..\build\temp_gyp\googleurl.vcproj", "{EF5E94AB-B646-4E5B-A058-52EF07B8351C}"
	ProjectSection(ProjectDependencies) = postProject
		{D3A97815-3309-44F8-B9BB-CBBE2393A454} = {D3A97815-3309-44F8-B9BB-CBBE2393A454}
	EndProjectSection
EndProject
Project("{8BC9CEB8-8B4A-11D0-8D11-00A0C91BC942}") = "icudata", "..\..\..\icu\icudata.vcproj", "{D3A97815-3309-44F8-B9BB-CBBE2393A454}"
EndProject
Project("{8BC9CEB8-8B4A-11D0-8D11-00A0C91BC942}") = "icui18n", "..\..\..\icu\icui18n.vcproj", "{14E7F2BB-B8FC-4DC1-B04D-31C06BDFA1D9}"
EndProject
Project("{8BC9CEB8-8B4A-11D0-8D11-00A0C91BC942}") = "icuuc", "..\..\..\icu\icuuc.vcproj", "{9E2EFAAB-02B7-4A82-B664-1E98DF6D1953}"
	ProjectSection(ProjectDependencies) = postProject
		{D3A97815-3309-44F8-B9BB-CBBE2393A454} = {D3A97815-3309-44F8-B9BB-CBBE2393A454}
	EndProjectSection
EndProject
Project("{8BC9CEB8-8B4A-11D0-8D11-00A0C91BC942}") = "inspector_protocol_sources", "inspector_protocol_sources.vcproj", "{90E3191C-B724-5EBB-8F99-C3BCE03AE8CD}"
EndProject
Project("{8BC9CEB8-8B4A-11D0-8D11-00A0C91BC942}") = "js2c", "..\..\..\..\v8\tools\gyp\js2c.vcproj", "{82BC22B5-1D58-28BA-8735-58B591E1D154}"
EndProject
Project("{8BC9CEB8-8B4A-11D0-8D11-00A0C91BC942}") = "libjpeg", "..\..\..\libjpeg\libjpeg.vcproj", "{238CE175-76CE-4A25-A676-69D115885601}"
EndProject
Project("{8BC9CEB8-8B4A-11D0-8D11-00A0C91BC942}") = "libpng", "..\..\..\libpng\libpng.vcproj", "{C564F145-9172-42C3-BFCB-6014CA97DBCD}"
EndProject
Project("{8BC9CEB8-8B4A-11D0-8D11-00A0C91BC942}") = "libxml", "..\..\..\libxml\libxml.vcproj", "{F9810DE8-CBC3-4605-A7B1-ECA2D5292FD7}"
EndProject
Project("{8BC9CEB8-8B4A-11D0-8D11-00A0C91BC942}") = "libxslt", "..\..\..\libxslt\libxslt.vcproj", "{FC0E1FD0-5DD7-4041-A1C9-CD3C376E4EED}"
EndProject
Project("{8BC9CEB8-8B4A-11D0-8D11-00A0C91BC942}") = "mksnapshot", "..\..\..\..\v8\tools\gyp\mksnapshot.vcproj", "{B27372DD-81D1-D54C-2730-8A99904230AA}"
	ProjectSection(ProjectDependencies) = postProject
		{879286C0-3234-D14B-BB2C-32D4D1B809CE} = {879286C0-3234-D14B-BB2C-32D4D1B809CE}
		{688695F9-2D8C-62FD-E442-82C313303E2C} = {688695F9-2D8C-62FD-E442-82C313303E2C}
	EndProjectSection
EndProject
Project("{8BC9CEB8-8B4A-11D0-8D11-00A0C91BC942}") = "modp_b64", "..\..\..\modp_b64\modp_b64.vcproj", "{7100F41F-868D-4E99-80A2-AF8E6574749D}"
EndProject
Project("{8BC9CEB8-8B4A-11D0-8D11-00A0C91BC942}") = "npapi", "..\..\..\npapi\npapi.vcproj", "{59A5EF20-1CA5-F296-FB4D-2CA57B03C38E}"
EndProject
Project("{8BC9CEB8-8B4A-11D0-8D11-00A0C91BC942}") = "nspr", "..\..\..\nss\nspr.vcproj", "{DA6CD78F-6A80-A996-547D-2404C4E2371B}"
EndProject
Project("{8BC9CEB8-8B4A-11D0-8D11-00A0C91BC942}") = "nss", "..\..\..\nss\nss.vcproj", "{734E8BCE-B176-FFC7-D86A-3A843A26342E}"
EndProject
Project("{8BC9CEB8-8B4A-11D0-8D11-00A0C91BC942}") = "ots", "..\..\..\ots\ots.vcproj", "{529831C4-5E17-4B0F-814E-08DD1D5AFC0B}"
EndProject
Project("{8BC9CEB8-8B4A-11D0-8D11-00A0C91BC942}") = "pcre", "..\..\JavaScriptCore\JavaScriptCore.gyp\pcre.vcproj", "{49909552-0B0C-4C14-8CF6-DB8A2ADE0934}"
	ProjectSection(ProjectDependencies) = postProject
		{D28CF9C7-B857-C11E-B94D-ECA46CDEB3CE} = {D28CF9C7-B857-C11E-B94D-ECA46CDEB3CE}
	EndProjectSection
EndProject
Project("{8BC9CEB8-8B4A-11D0-8D11-00A0C91BC942}") = "skia", "..\..\..\..\skia\skia.vcproj", "{CD9CA56E-4E94-444C-87D4-58CA1E6F300D}"
EndProject
Project("{8BC9CEB8-8B4A-11D0-8D11-00A0C91BC942}") = "skia_opts", "..\..\..\..\skia\skia_opts.vcproj", "{71309F2F-CA6B-BD48-4995-6A84EB984622}"
EndProject
Project("{8BC9CEB8-8B4A-11D0-8D11-00A0C91BC942}") = "sqlite", "..\..\..\sqlite\sqlite.vcproj", "{6EAD4A4B-2BBC-4974-8E45-BB5C16CC2AC9}"
EndProject
Project("{8BC9CEB8-8B4A-11D0-8D11-00A0C91BC942}") = "translator_common", "..\..\..\angle\src\translator_common.vcproj", "{4C954A87-EBAA-D440-0B5E-4343FE591CEA}"
EndProject
Project("{8BC9CEB8-8B4A-11D0-8D11-00A0C91BC942}") = "v8", "..\..\..\..\v8\tools\gyp\v8.vcproj", "{0DDC1AA2-9418-2337-6268-A7FC5212154C}"
	ProjectSection(ProjectDependencies) = postProject
		{6B52D8DC-D637-A223-A5D6-5D398661A1A1} = {6B52D8DC-D637-A223-A5D6-5D398661A1A1}
	EndProjectSection
EndProject
Project("{8BC9CEB8-8B4A-11D0-8D11-00A0C91BC942}") = "v8_base", "..\..\..\..\v8\tools\gyp\v8_base.vcproj", "{688695F9-2D8C-62FD-E442-82C313303E2C}"
EndProject
Project("{8BC9CEB8-8B4A-11D0-8D11-00A0C91BC942}") = "v8_nosnapshot", "..\..\..\..\v8\tools\gyp\v8_nosnapshot.vcproj", "{879286C0-3234-D14B-BB2C-32D4D1B809CE}"
	ProjectSection(ProjectDependencies) = postProject
		{82BC22B5-1D58-28BA-8735-58B591E1D154} = {82BC22B5-1D58-28BA-8735-58B591E1D154}
	EndProjectSection
EndProject
Project("{8BC9CEB8-8B4A-11D0-8D11-00A0C91BC942}") = "v8_snapshot", "..\..\..\..\v8\tools\gyp\v8_snapshot.vcproj", "{6B52D8DC-D637-A223-A5D6-5D398661A1A1}"
	ProjectSection(ProjectDependencies) = postProject
		{B27372DD-81D1-D54C-2730-8A99904230AA} = {B27372DD-81D1-D54C-2730-8A99904230AA}
		{82BC22B5-1D58-28BA-8735-58B591E1D154} = {82BC22B5-1D58-28BA-8735-58B591E1D154}
	EndProjectSection
EndProject
Project("{8BC9CEB8-8B4A-11D0-8D11-00A0C91BC942}") = "webcore", "webcore.vcproj", "{1C16337B-ACF3-4D03-AA90-851C5B5EADA6}"
	ProjectSection(ProjectDependencies) = postProject
		{E93F1B93-2910-EF29-3238-2E536A73A99E} = {E93F1B93-2910-EF29-3238-2E536A73A99E}
		{59A5EF20-1CA5-F296-FB4D-2CA57B03C38E} = {59A5EF20-1CA5-F296-FB4D-2CA57B03C38E}
		{0DDC1AA2-9418-2337-6268-A7FC5212154C} = {0DDC1AA2-9418-2337-6268-A7FC5212154C}
		{D28CF9C7-B857-C11E-B94D-ECA46CDEB3CE} = {D28CF9C7-B857-C11E-B94D-ECA46CDEB3CE}
	EndProjectSection
EndProject
Project("{8BC9CEB8-8B4A-11D0-8D11-00A0C91BC942}") = "webcore_bindings", "webcore_bindings.vcproj", "{E93F1B93-2910-EF29-3238-2E536A73A99E}"
	ProjectSection(ProjectDependencies) = postProject
		{474971CD-4493-F83D-DE81-53623AD86B84} = {474971CD-4493-F83D-DE81-53623AD86B84}
		{90E3191C-B724-5EBB-8F99-C3BCE03AE8CD} = {90E3191C-B724-5EBB-8F99-C3BCE03AE8CD}
		{59A5EF20-1CA5-F296-FB4D-2CA57B03C38E} = {59A5EF20-1CA5-F296-FB4D-2CA57B03C38E}
		{0DDC1AA2-9418-2337-6268-A7FC5212154C} = {0DDC1AA2-9418-2337-6268-A7FC5212154C}
		{D28CF9C7-B857-C11E-B94D-ECA46CDEB3CE} = {D28CF9C7-B857-C11E-B94D-ECA46CDEB3CE}
	EndProjectSection
EndProject
Project("{8BC9CEB8-8B4A-11D0-8D11-00A0C91BC942}") = "webcore_bindings_sources", "webcore_bindings_sources.vcproj", "{474971CD-4493-F83D-DE81-53623AD86B84}"
EndProject
Project("{8BC9CEB8-8B4A-11D0-8D11-00A0C91BC942}") = "wtf", "..\..\JavaScriptCore\JavaScriptCore.gyp\wtf.vcproj", "{AA8A5A85-592B-4357-BC60-E0E91E026AF6}"
	ProjectSection(ProjectDependencies) = postProject
		{2E2D3301-2EC4-4C0F-B889-87073B30F673} = {2E2D3301-2EC4-4C0F-B889-87073B30F673}
	EndProjectSection
EndProject
Project("{8BC9CEB8-8B4A-11D0-8D11-00A0C91BC942}") = "wtf_config", "..\..\JavaScriptCore\JavaScriptCore.gyp\wtf_config.vcproj", "{2E2D3301-2EC4-4C0F-B889-87073B30F673}"
EndProject
Project("{8BC9CEB8-8B4A-11D0-8D11-00A0C91BC942}") = "zlib", "..\..\..\zlib\zlib.vcproj", "{8423AF0D-4B88-4EBF-94E1-E4D00D00E21C}"
EndProject
Global
	GlobalSection(SolutionConfigurationPlatforms) = preSolution
		Debug|Win32 = Debug|Win32
		Release|x64 = Release|x64
		Purify|Win32 = Purify|Win32
		Purify|x64 = Purify|x64
		Debug|x64 = Debug|x64
		Release|Win32 = Release|Win32
	EndGlobalSection
	GlobalSection(ProjectConfigurationPlatforms) = postSolution
		{0B3473E8-0E51-FD23-D332-32215C62FCC8}.Debug|Win32.ActiveCfg = Debug|Win32
		{0B3473E8-0E51-FD23-D332-32215C62FCC8}.Debug|Win32.Build.0 = Debug|Win32
		{0B3473E8-0E51-FD23-D332-32215C62FCC8}.Release|x64.ActiveCfg = Release|x64
		{0B3473E8-0E51-FD23-D332-32215C62FCC8}.Release|x64.Build.0 = Release|x64
		{0B3473E8-0E51-FD23-D332-32215C62FCC8}.Purify|Win32.ActiveCfg = Purify|Win32
		{0B3473E8-0E51-FD23-D332-32215C62FCC8}.Purify|Win32.Build.0 = Purify|Win32
		{0B3473E8-0E51-FD23-D332-32215C62FCC8}.Purify|x64.ActiveCfg = Purify|x64
		{0B3473E8-0E51-FD23-D332-32215C62FCC8}.Purify|x64.Build.0 = Purify|x64
		{0B3473E8-0E51-FD23-D332-32215C62FCC8}.Debug|x64.ActiveCfg = Debug|x64
		{0B3473E8-0E51-FD23-D332-32215C62FCC8}.Debug|x64.Build.0 = Debug|x64
		{0B3473E8-0E51-FD23-D332-32215C62FCC8}.Release|Win32.ActiveCfg = Release|Win32
		{0B3473E8-0E51-FD23-D332-32215C62FCC8}.Release|Win32.Build.0 = Release|Win32
		{0DDC1AA2-9418-2337-6268-A7FC5212154C}.Debug|Win32.ActiveCfg = Debug|Win32
		{0DDC1AA2-9418-2337-6268-A7FC5212154C}.Debug|Win32.Build.0 = Debug|Win32
		{0DDC1AA2-9418-2337-6268-A7FC5212154C}.Release|x64.ActiveCfg = Release|x64
		{0DDC1AA2-9418-2337-6268-A7FC5212154C}.Release|x64.Build.0 = Release|x64
		{0DDC1AA2-9418-2337-6268-A7FC5212154C}.Purify|Win32.ActiveCfg = Purify|Win32
		{0DDC1AA2-9418-2337-6268-A7FC5212154C}.Purify|Win32.Build.0 = Purify|Win32
		{0DDC1AA2-9418-2337-6268-A7FC5212154C}.Purify|x64.ActiveCfg = Purify|x64
		{0DDC1AA2-9418-2337-6268-A7FC5212154C}.Purify|x64.Build.0 = Purify|x64
		{0DDC1AA2-9418-2337-6268-A7FC5212154C}.Debug|x64.ActiveCfg = Debug|x64
		{0DDC1AA2-9418-2337-6268-A7FC5212154C}.Debug|x64.Build.0 = Debug|x64
		{0DDC1AA2-9418-2337-6268-A7FC5212154C}.Release|Win32.ActiveCfg = Release|Win32
		{0DDC1AA2-9418-2337-6268-A7FC5212154C}.Release|Win32.Build.0 = Release|Win32
		{14E7F2BB-B8FC-4DC1-B04D-31C06BDFA1D9}.Debug|Win32.ActiveCfg = Debug|Win32
		{14E7F2BB-B8FC-4DC1-B04D-31C06BDFA1D9}.Debug|Win32.Build.0 = Debug|Win32
		{14E7F2BB-B8FC-4DC1-B04D-31C06BDFA1D9}.Release|x64.ActiveCfg = Release|x64
		{14E7F2BB-B8FC-4DC1-B04D-31C06BDFA1D9}.Release|x64.Build.0 = Release|x64
		{14E7F2BB-B8FC-4DC1-B04D-31C06BDFA1D9}.Purify|Win32.ActiveCfg = Purify|Win32
		{14E7F2BB-B8FC-4DC1-B04D-31C06BDFA1D9}.Purify|Win32.Build.0 = Purify|Win32
		{14E7F2BB-B8FC-4DC1-B04D-31C06BDFA1D9}.Purify|x64.ActiveCfg = Purify|x64
		{14E7F2BB-B8FC-4DC1-B04D-31C06BDFA1D9}.Purify|x64.Build.0 = Purify|x64
		{14E7F2BB-B8FC-4DC1-B04D-31C06BDFA1D9}.Debug|x64.ActiveCfg = Debug|x64
		{14E7F2BB-B8FC-4DC1-B04D-31C06BDFA1D9}.Debug|x64.Build.0 = Debug|x64
		{14E7F2BB-B8FC-4DC1-B04D-31C06BDFA1D9}.Release|Win32.ActiveCfg = Release|Win32
		{14E7F2BB-B8FC-4DC1-B04D-31C06BDFA1D9}.Release|Win32.Build.0 = Release|Win32
		{1832A374-8A74-4F9E-B536-69A699B3E165}.Debug|Win32.ActiveCfg = Debug|Win32
		{1832A374-8A74-4F9E-B536-69A699B3E165}.Debug|Win32.Build.0 = Debug|Win32
		{1832A374-8A74-4F9E-B536-69A699B3E165}.Release|x64.ActiveCfg = Release|x64
		{1832A374-8A74-4F9E-B536-69A699B3E165}.Release|x64.Build.0 = Release|x64
		{1832A374-8A74-4F9E-B536-69A699B3E165}.Purify|Win32.ActiveCfg = Purify|Win32
		{1832A374-8A74-4F9E-B536-69A699B3E165}.Purify|Win32.Build.0 = Purify|Win32
		{1832A374-8A74-4F9E-B536-69A699B3E165}.Purify|x64.ActiveCfg = Purify|x64
		{1832A374-8A74-4F9E-B536-69A699B3E165}.Purify|x64.Build.0 = Purify|x64
		{1832A374-8A74-4F9E-B536-69A699B3E165}.Debug|x64.ActiveCfg = Debug|x64
		{1832A374-8A74-4F9E-B536-69A699B3E165}.Debug|x64.Build.0 = Debug|x64
		{1832A374-8A74-4F9E-B536-69A699B3E165}.Release|Win32.ActiveCfg = Release|Win32
		{1832A374-8A74-4F9E-B536-69A699B3E165}.Release|Win32.Build.0 = Release|Win32
		{1C16337B-ACF3-4D03-AA90-851C5B5EADA6}.Debug|Win32.ActiveCfg = Debug|Win32
		{1C16337B-ACF3-4D03-AA90-851C5B5EADA6}.Debug|Win32.Build.0 = Debug|Win32
		{1C16337B-ACF3-4D03-AA90-851C5B5EADA6}.Release|x64.ActiveCfg = Release|x64
		{1C16337B-ACF3-4D03-AA90-851C5B5EADA6}.Release|x64.Build.0 = Release|x64
		{1C16337B-ACF3-4D03-AA90-851C5B5EADA6}.Purify|Win32.ActiveCfg = Purify|Win32
		{1C16337B-ACF3-4D03-AA90-851C5B5EADA6}.Purify|Win32.Build.0 = Purify|Win32
		{1C16337B-ACF3-4D03-AA90-851C5B5EADA6}.Purify|x64.ActiveCfg = Purify|x64
		{1C16337B-ACF3-4D03-AA90-851C5B5EADA6}.Purify|x64.Build.0 = Purify|x64
		{1C16337B-ACF3-4D03-AA90-851C5B5EADA6}.Debug|x64.ActiveCfg = Debug|x64
		{1C16337B-ACF3-4D03-AA90-851C5B5EADA6}.Debug|x64.Build.0 = Debug|x64
		{1C16337B-ACF3-4D03-AA90-851C5B5EADA6}.Release|Win32.ActiveCfg = Release|Win32
		{1C16337B-ACF3-4D03-AA90-851C5B5EADA6}.Release|Win32.Build.0 = Release|Win32
		{238CE175-76CE-4A25-A676-69D115885601}.Debug|Win32.ActiveCfg = Debug|Win32
		{238CE175-76CE-4A25-A676-69D115885601}.Debug|Win32.Build.0 = Debug|Win32
		{238CE175-76CE-4A25-A676-69D115885601}.Release|x64.ActiveCfg = Release|x64
		{238CE175-76CE-4A25-A676-69D115885601}.Release|x64.Build.0 = Release|x64
		{238CE175-76CE-4A25-A676-69D115885601}.Purify|Win32.ActiveCfg = Purify|Win32
		{238CE175-76CE-4A25-A676-69D115885601}.Purify|Win32.Build.0 = Purify|Win32
		{238CE175-76CE-4A25-A676-69D115885601}.Purify|x64.ActiveCfg = Purify|x64
		{238CE175-76CE-4A25-A676-69D115885601}.Purify|x64.Build.0 = Purify|x64
		{238CE175-76CE-4A25-A676-69D115885601}.Debug|x64.ActiveCfg = Debug|x64
		{238CE175-76CE-4A25-A676-69D115885601}.Debug|x64.Build.0 = Debug|x64
		{238CE175-76CE-4A25-A676-69D115885601}.Release|Win32.ActiveCfg = Release|Win32
		{238CE175-76CE-4A25-A676-69D115885601}.Release|Win32.Build.0 = Release|Win32
		{2E2D3301-2EC4-4C0F-B889-87073B30F673}.Debug|Win32.ActiveCfg = Debug|Win32
		{2E2D3301-2EC4-4C0F-B889-87073B30F673}.Debug|Win32.Build.0 = Debug|Win32
		{2E2D3301-2EC4-4C0F-B889-87073B30F673}.Release|x64.ActiveCfg = Release|x64
		{2E2D3301-2EC4-4C0F-B889-87073B30F673}.Release|x64.Build.0 = Release|x64
		{2E2D3301-2EC4-4C0F-B889-87073B30F673}.Purify|Win32.ActiveCfg = Purify|Win32
		{2E2D3301-2EC4-4C0F-B889-87073B30F673}.Purify|Win32.Build.0 = Purify|Win32
		{2E2D3301-2EC4-4C0F-B889-87073B30F673}.Purify|x64.ActiveCfg = Purify|x64
		{2E2D3301-2EC4-4C0F-B889-87073B30F673}.Purify|x64.Build.0 = Purify|x64
		{2E2D3301-2EC4-4C0F-B889-87073B30F673}.Debug|x64.ActiveCfg = Debug|x64
		{2E2D3301-2EC4-4C0F-B889-87073B30F673}.Debug|x64.Build.0 = Debug|x64
		{2E2D3301-2EC4-4C0F-B889-87073B30F673}.Release|Win32.ActiveCfg = Release|Win32
		{2E2D3301-2EC4-4C0F-B889-87073B30F673}.Release|Win32.Build.0 = Release|Win32
		{3FDEE94A-9D58-DECE-74BA-5565754EFEFF}.Debug|Win32.ActiveCfg = Debug|Win32
		{3FDEE94A-9D58-DECE-74BA-5565754EFEFF}.Debug|Win32.Build.0 = Debug|Win32
		{3FDEE94A-9D58-DECE-74BA-5565754EFEFF}.Release|x64.ActiveCfg = Release|x64
		{3FDEE94A-9D58-DECE-74BA-5565754EFEFF}.Release|x64.Build.0 = Release|x64
		{3FDEE94A-9D58-DECE-74BA-5565754EFEFF}.Purify|Win32.ActiveCfg = Purify|Win32
		{3FDEE94A-9D58-DECE-74BA-5565754EFEFF}.Purify|Win32.Build.0 = Purify|Win32
		{3FDEE94A-9D58-DECE-74BA-5565754EFEFF}.Purify|x64.ActiveCfg = Purify|x64
		{3FDEE94A-9D58-DECE-74BA-5565754EFEFF}.Purify|x64.Build.0 = Purify|x64
		{3FDEE94A-9D58-DECE-74BA-5565754EFEFF}.Debug|x64.ActiveCfg = Debug|x64
		{3FDEE94A-9D58-DECE-74BA-5565754EFEFF}.Debug|x64.Build.0 = Debug|x64
		{3FDEE94A-9D58-DECE-74BA-5565754EFEFF}.Release|Win32.ActiveCfg = Release|Win32
		{3FDEE94A-9D58-DECE-74BA-5565754EFEFF}.Release|Win32.Build.0 = Release|Win32
		{474971CD-4493-F83D-DE81-53623AD86B84}.Debug|Win32.ActiveCfg = Debug|Win32
		{474971CD-4493-F83D-DE81-53623AD86B84}.Debug|Win32.Build.0 = Debug|Win32
		{474971CD-4493-F83D-DE81-53623AD86B84}.Release|x64.ActiveCfg = Release|x64
		{474971CD-4493-F83D-DE81-53623AD86B84}.Release|x64.Build.0 = Release|x64
		{474971CD-4493-F83D-DE81-53623AD86B84}.Purify|Win32.ActiveCfg = Purify|Win32
		{474971CD-4493-F83D-DE81-53623AD86B84}.Purify|Win32.Build.0 = Purify|Win32
		{474971CD-4493-F83D-DE81-53623AD86B84}.Purify|x64.ActiveCfg = Purify|x64
		{474971CD-4493-F83D-DE81-53623AD86B84}.Purify|x64.Build.0 = Purify|x64
		{474971CD-4493-F83D-DE81-53623AD86B84}.Debug|x64.ActiveCfg = Debug|x64
		{474971CD-4493-F83D-DE81-53623AD86B84}.Debug|x64.Build.0 = Debug|x64
		{474971CD-4493-F83D-DE81-53623AD86B84}.Release|Win32.ActiveCfg = Release|Win32
		{474971CD-4493-F83D-DE81-53623AD86B84}.Release|Win32.Build.0 = Release|Win32
		{49909552-0B0C-4C14-8CF6-DB8A2ADE0934}.Debug|Win32.ActiveCfg = Debug|Win32
		{49909552-0B0C-4C14-8CF6-DB8A2ADE0934}.Debug|Win32.Build.0 = Debug|Win32
		{49909552-0B0C-4C14-8CF6-DB8A2ADE0934}.Release|x64.ActiveCfg = Release|x64
		{49909552-0B0C-4C14-8CF6-DB8A2ADE0934}.Release|x64.Build.0 = Release|x64
		{49909552-0B0C-4C14-8CF6-DB8A2ADE0934}.Purify|Win32.ActiveCfg = Purify|Win32
		{49909552-0B0C-4C14-8CF6-DB8A2ADE0934}.Purify|Win32.Build.0 = Purify|Win32
		{49909552-0B0C-4C14-8CF6-DB8A2ADE0934}.Purify|x64.ActiveCfg = Purify|x64
		{49909552-0B0C-4C14-8CF6-DB8A2ADE0934}.Purify|x64.Build.0 = Purify|x64
		{49909552-0B0C-4C14-8CF6-DB8A2ADE0934}.Debug|x64.ActiveCfg = Debug|x64
		{49909552-0B0C-4C14-8CF6-DB8A2ADE0934}.Debug|x64.Build.0 = Debug|x64
		{49909552-0B0C-4C14-8CF6-DB8A2ADE0934}.Release|Win32.ActiveCfg = Release|Win32
		{49909552-0B0C-4C14-8CF6-DB8A2ADE0934}.Release|Win32.Build.0 = Release|Win32
		{4C954A87-EBAA-D440-0B5E-4343FE591CEA}.Debug|Win32.ActiveCfg = Debug|Win32
		{4C954A87-EBAA-D440-0B5E-4343FE591CEA}.Debug|Win32.Build.0 = Debug|Win32
		{4C954A87-EBAA-D440-0B5E-4343FE591CEA}.Release|x64.ActiveCfg = Release|x64
		{4C954A87-EBAA-D440-0B5E-4343FE591CEA}.Release|x64.Build.0 = Release|x64
		{4C954A87-EBAA-D440-0B5E-4343FE591CEA}.Purify|Win32.ActiveCfg = Purify|Win32
		{4C954A87-EBAA-D440-0B5E-4343FE591CEA}.Purify|Win32.Build.0 = Purify|Win32
		{4C954A87-EBAA-D440-0B5E-4343FE591CEA}.Purify|x64.ActiveCfg = Purify|x64
		{4C954A87-EBAA-D440-0B5E-4343FE591CEA}.Purify|x64.Build.0 = Purify|x64
		{4C954A87-EBAA-D440-0B5E-4343FE591CEA}.Debug|x64.ActiveCfg = Debug|x64
		{4C954A87-EBAA-D440-0B5E-4343FE591CEA}.Debug|x64.Build.0 = Debug|x64
		{4C954A87-EBAA-D440-0B5E-4343FE591CEA}.Release|Win32.ActiveCfg = Release|Win32
		{4C954A87-EBAA-D440-0B5E-4343FE591CEA}.Release|Win32.Build.0 = Release|Win32
		{529831C4-5E17-4B0F-814E-08DD1D5AFC0B}.Debug|Win32.ActiveCfg = Debug|Win32
		{529831C4-5E17-4B0F-814E-08DD1D5AFC0B}.Debug|Win32.Build.0 = Debug|Win32
		{529831C4-5E17-4B0F-814E-08DD1D5AFC0B}.Release|x64.ActiveCfg = Release|x64
		{529831C4-5E17-4B0F-814E-08DD1D5AFC0B}.Release|x64.Build.0 = Release|x64
		{529831C4-5E17-4B0F-814E-08DD1D5AFC0B}.Purify|Win32.ActiveCfg = Purify|Win32
		{529831C4-5E17-4B0F-814E-08DD1D5AFC0B}.Purify|Win32.Build.0 = Purify|Win32
		{529831C4-5E17-4B0F-814E-08DD1D5AFC0B}.Purify|x64.ActiveCfg = Purify|x64
		{529831C4-5E17-4B0F-814E-08DD1D5AFC0B}.Purify|x64.Build.0 = Purify|x64
		{529831C4-5E17-4B0F-814E-08DD1D5AFC0B}.Debug|x64.ActiveCfg = Debug|x64
		{529831C4-5E17-4B0F-814E-08DD1D5AFC0B}.Debug|x64.Build.0 = Debug|x64
		{529831C4-5E17-4B0F-814E-08DD1D5AFC0B}.Release|Win32.ActiveCfg = Release|Win32
		{529831C4-5E17-4B0F-814E-08DD1D5AFC0B}.Release|Win32.Build.0 = Release|Win32
		{59A5EF20-1CA5-F296-FB4D-2CA57B03C38E}.Debug|Win32.ActiveCfg = Debug|Win32
		{59A5EF20-1CA5-F296-FB4D-2CA57B03C38E}.Debug|Win32.Build.0 = Debug|Win32
		{59A5EF20-1CA5-F296-FB4D-2CA57B03C38E}.Release|x64.ActiveCfg = Release|x64
		{59A5EF20-1CA5-F296-FB4D-2CA57B03C38E}.Release|x64.Build.0 = Release|x64
		{59A5EF20-1CA5-F296-FB4D-2CA57B03C38E}.Purify|Win32.ActiveCfg = Purify|Win32
		{59A5EF20-1CA5-F296-FB4D-2CA57B03C38E}.Purify|Win32.Build.0 = Purify|Win32
		{59A5EF20-1CA5-F296-FB4D-2CA57B03C38E}.Purify|x64.ActiveCfg = Purify|x64
		{59A5EF20-1CA5-F296-FB4D-2CA57B03C38E}.Purify|x64.Build.0 = Purify|x64
		{59A5EF20-1CA5-F296-FB4D-2CA57B03C38E}.Debug|x64.ActiveCfg = Debug|x64
		{59A5EF20-1CA5-F296-FB4D-2CA57B03C38E}.Debug|x64.Build.0 = Debug|x64
		{59A5EF20-1CA5-F296-FB4D-2CA57B03C38E}.Release|Win32.ActiveCfg = Release|Win32
		{59A5EF20-1CA5-F296-FB4D-2CA57B03C38E}.Release|Win32.Build.0 = Release|Win32
		{688695F9-2D8C-62FD-E442-82C313303E2C}.Debug|Win32.ActiveCfg = Debug|Win32
		{688695F9-2D8C-62FD-E442-82C313303E2C}.Debug|Win32.Build.0 = Debug|Win32
		{688695F9-2D8C-62FD-E442-82C313303E2C}.Release|x64.ActiveCfg = Release|x64
		{688695F9-2D8C-62FD-E442-82C313303E2C}.Release|x64.Build.0 = Release|x64
		{688695F9-2D8C-62FD-E442-82C313303E2C}.Purify|Win32.ActiveCfg = Purify|Win32
		{688695F9-2D8C-62FD-E442-82C313303E2C}.Purify|Win32.Build.0 = Purify|Win32
		{688695F9-2D8C-62FD-E442-82C313303E2C}.Purify|x64.ActiveCfg = Purify|x64
		{688695F9-2D8C-62FD-E442-82C313303E2C}.Purify|x64.Build.0 = Purify|x64
		{688695F9-2D8C-62FD-E442-82C313303E2C}.Debug|x64.ActiveCfg = Debug|x64
		{688695F9-2D8C-62FD-E442-82C313303E2C}.Debug|x64.Build.0 = Debug|x64
		{688695F9-2D8C-62FD-E442-82C313303E2C}.Release|Win32.ActiveCfg = Release|Win32
		{688695F9-2D8C-62FD-E442-82C313303E2C}.Release|Win32.Build.0 = Release|Win32
		{6B46BC09-E420-1A88-B5A6-C948B762DB4D}.Debug|Win32.ActiveCfg = Debug|Win32
		{6B46BC09-E420-1A88-B5A6-C948B762DB4D}.Debug|Win32.Build.0 = Debug|Win32
		{6B46BC09-E420-1A88-B5A6-C948B762DB4D}.Release|x64.ActiveCfg = Release|x64
		{6B46BC09-E420-1A88-B5A6-C948B762DB4D}.Release|x64.Build.0 = Release|x64
		{6B46BC09-E420-1A88-B5A6-C948B762DB4D}.Purify|Win32.ActiveCfg = Purify|Win32
		{6B46BC09-E420-1A88-B5A6-C948B762DB4D}.Purify|Win32.Build.0 = Purify|Win32
		{6B46BC09-E420-1A88-B5A6-C948B762DB4D}.Purify|x64.ActiveCfg = Purify|x64
		{6B46BC09-E420-1A88-B5A6-C948B762DB4D}.Purify|x64.Build.0 = Purify|x64
		{6B46BC09-E420-1A88-B5A6-C948B762DB4D}.Debug|x64.ActiveCfg = Debug|x64
		{6B46BC09-E420-1A88-B5A6-C948B762DB4D}.Debug|x64.Build.0 = Debug|x64
		{6B46BC09-E420-1A88-B5A6-C948B762DB4D}.Release|Win32.ActiveCfg = Release|Win32
		{6B46BC09-E420-1A88-B5A6-C948B762DB4D}.Release|Win32.Build.0 = Release|Win32
		{6B52D8DC-D637-A223-A5D6-5D398661A1A1}.Debug|Win32.ActiveCfg = Debug|Win32
		{6B52D8DC-D637-A223-A5D6-5D398661A1A1}.Debug|Win32.Build.0 = Debug|Win32
		{6B52D8DC-D637-A223-A5D6-5D398661A1A1}.Release|x64.ActiveCfg = Release|x64
		{6B52D8DC-D637-A223-A5D6-5D398661A1A1}.Release|x64.Build.0 = Release|x64
		{6B52D8DC-D637-A223-A5D6-5D398661A1A1}.Purify|Win32.ActiveCfg = Purify|Win32
		{6B52D8DC-D637-A223-A5D6-5D398661A1A1}.Purify|Win32.Build.0 = Purify|Win32
		{6B52D8DC-D637-A223-A5D6-5D398661A1A1}.Purify|x64.ActiveCfg = Purify|x64
		{6B52D8DC-D637-A223-A5D6-5D398661A1A1}.Purify|x64.Build.0 = Purify|x64
		{6B52D8DC-D637-A223-A5D6-5D398661A1A1}.Debug|x64.ActiveCfg = Debug|x64
		{6B52D8DC-D637-A223-A5D6-5D398661A1A1}.Debug|x64.Build.0 = Debug|x64
		{6B52D8DC-D637-A223-A5D6-5D398661A1A1}.Release|Win32.ActiveCfg = Release|Win32
		{6B52D8DC-D637-A223-A5D6-5D398661A1A1}.Release|Win32.Build.0 = Release|Win32
		{6EAD4A4B-2BBC-4974-8E45-BB5C16CC2AC9}.Debug|Win32.ActiveCfg = Debug|Win32
		{6EAD4A4B-2BBC-4974-8E45-BB5C16CC2AC9}.Debug|Win32.Build.0 = Debug|Win32
		{6EAD4A4B-2BBC-4974-8E45-BB5C16CC2AC9}.Release|x64.ActiveCfg = Release|x64
		{6EAD4A4B-2BBC-4974-8E45-BB5C16CC2AC9}.Release|x64.Build.0 = Release|x64
		{6EAD4A4B-2BBC-4974-8E45-BB5C16CC2AC9}.Purify|Win32.ActiveCfg = Purify|Win32
		{6EAD4A4B-2BBC-4974-8E45-BB5C16CC2AC9}.Purify|Win32.Build.0 = Purify|Win32
		{6EAD4A4B-2BBC-4974-8E45-BB5C16CC2AC9}.Purify|x64.ActiveCfg = Purify|x64
		{6EAD4A4B-2BBC-4974-8E45-BB5C16CC2AC9}.Purify|x64.Build.0 = Purify|x64
		{6EAD4A4B-2BBC-4974-8E45-BB5C16CC2AC9}.Debug|x64.ActiveCfg = Debug|x64
		{6EAD4A4B-2BBC-4974-8E45-BB5C16CC2AC9}.Debug|x64.Build.0 = Debug|x64
		{6EAD4A4B-2BBC-4974-8E45-BB5C16CC2AC9}.Release|Win32.ActiveCfg = Release|Win32
		{6EAD4A4B-2BBC-4974-8E45-BB5C16CC2AC9}.Release|Win32.Build.0 = Release|Win32
		{7100F41F-868D-4E99-80A2-AF8E6574749D}.Debug|Win32.ActiveCfg = Debug|Win32
		{7100F41F-868D-4E99-80A2-AF8E6574749D}.Debug|Win32.Build.0 = Debug|Win32
		{7100F41F-868D-4E99-80A2-AF8E6574749D}.Release|x64.ActiveCfg = Release|x64
		{7100F41F-868D-4E99-80A2-AF8E6574749D}.Release|x64.Build.0 = Release|x64
		{7100F41F-868D-4E99-80A2-AF8E6574749D}.Purify|Win32.ActiveCfg = Purify|Win32
		{7100F41F-868D-4E99-80A2-AF8E6574749D}.Purify|Win32.Build.0 = Purify|Win32
		{7100F41F-868D-4E99-80A2-AF8E6574749D}.Purify|x64.ActiveCfg = Purify|x64
		{7100F41F-868D-4E99-80A2-AF8E6574749D}.Purify|x64.Build.0 = Purify|x64
		{7100F41F-868D-4E99-80A2-AF8E6574749D}.Debug|x64.ActiveCfg = Debug|x64
		{7100F41F-868D-4E99-80A2-AF8E6574749D}.Debug|x64.Build.0 = Debug|x64
		{7100F41F-868D-4E99-80A2-AF8E6574749D}.Release|Win32.ActiveCfg = Release|Win32
		{7100F41F-868D-4E99-80A2-AF8E6574749D}.Release|Win32.Build.0 = Release|Win32
		{71309F2F-CA6B-BD48-4995-6A84EB984622}.Debug|Win32.ActiveCfg = Debug|Win32
		{71309F2F-CA6B-BD48-4995-6A84EB984622}.Debug|Win32.Build.0 = Debug|Win32
		{71309F2F-CA6B-BD48-4995-6A84EB984622}.Release|x64.ActiveCfg = Release|x64
		{71309F2F-CA6B-BD48-4995-6A84EB984622}.Release|x64.Build.0 = Release|x64
		{71309F2F-CA6B-BD48-4995-6A84EB984622}.Purify|Win32.ActiveCfg = Purify|Win32
		{71309F2F-CA6B-BD48-4995-6A84EB984622}.Purify|Win32.Build.0 = Purify|Win32
		{71309F2F-CA6B-BD48-4995-6A84EB984622}.Purify|x64.ActiveCfg = Purify|x64
		{71309F2F-CA6B-BD48-4995-6A84EB984622}.Purify|x64.Build.0 = Purify|x64
		{71309F2F-CA6B-BD48-4995-6A84EB984622}.Debug|x64.ActiveCfg = Debug|x64
		{71309F2F-CA6B-BD48-4995-6A84EB984622}.Debug|x64.Build.0 = Debug|x64
		{71309F2F-CA6B-BD48-4995-6A84EB984622}.Release|Win32.ActiveCfg = Release|Win32
		{71309F2F-CA6B-BD48-4995-6A84EB984622}.Release|Win32.Build.0 = Release|Win32
		{734E8BCE-B176-FFC7-D86A-3A843A26342E}.Debug|Win32.ActiveCfg = Debug|Win32
		{734E8BCE-B176-FFC7-D86A-3A843A26342E}.Debug|Win32.Build.0 = Debug|Win32
		{734E8BCE-B176-FFC7-D86A-3A843A26342E}.Release|x64.ActiveCfg = Release|x64
		{734E8BCE-B176-FFC7-D86A-3A843A26342E}.Release|x64.Build.0 = Release|x64
		{734E8BCE-B176-FFC7-D86A-3A843A26342E}.Purify|Win32.ActiveCfg = Purify|Win32
		{734E8BCE-B176-FFC7-D86A-3A843A26342E}.Purify|Win32.Build.0 = Purify|Win32
		{734E8BCE-B176-FFC7-D86A-3A843A26342E}.Purify|x64.ActiveCfg = Purify|x64
		{734E8BCE-B176-FFC7-D86A-3A843A26342E}.Purify|x64.Build.0 = Purify|x64
		{734E8BCE-B176-FFC7-D86A-3A843A26342E}.Debug|x64.ActiveCfg = Debug|x64
		{734E8BCE-B176-FFC7-D86A-3A843A26342E}.Debug|x64.Build.0 = Debug|x64
		{734E8BCE-B176-FFC7-D86A-3A843A26342E}.Release|Win32.ActiveCfg = Release|Win32
		{734E8BCE-B176-FFC7-D86A-3A843A26342E}.Release|Win32.Build.0 = Release|Win32
		{73567E7A-CD96-9778-5847-70084CD79BAD}.Debug|Win32.ActiveCfg = Debug|Win32
		{73567E7A-CD96-9778-5847-70084CD79BAD}.Debug|Win32.Build.0 = Debug|Win32
		{73567E7A-CD96-9778-5847-70084CD79BAD}.Release|x64.ActiveCfg = Release|x64
		{73567E7A-CD96-9778-5847-70084CD79BAD}.Release|x64.Build.0 = Release|x64
		{73567E7A-CD96-9778-5847-70084CD79BAD}.Purify|Win32.ActiveCfg = Purify|Win32
		{73567E7A-CD96-9778-5847-70084CD79BAD}.Purify|Win32.Build.0 = Purify|Win32
		{73567E7A-CD96-9778-5847-70084CD79BAD}.Purify|x64.ActiveCfg = Purify|x64
		{73567E7A-CD96-9778-5847-70084CD79BAD}.Purify|x64.Build.0 = Purify|x64
		{73567E7A-CD96-9778-5847-70084CD79BAD}.Debug|x64.ActiveCfg = Debug|x64
		{73567E7A-CD96-9778-5847-70084CD79BAD}.Debug|x64.Build.0 = Debug|x64
		{73567E7A-CD96-9778-5847-70084CD79BAD}.Release|Win32.ActiveCfg = Release|Win32
		{73567E7A-CD96-9778-5847-70084CD79BAD}.Release|Win32.Build.0 = Release|Win32
		{82BC22B5-1D58-28BA-8735-58B591E1D154}.Debug|Win32.ActiveCfg = Debug|Win32
		{82BC22B5-1D58-28BA-8735-58B591E1D154}.Debug|Win32.Build.0 = Debug|Win32
		{82BC22B5-1D58-28BA-8735-58B591E1D154}.Release|x64.ActiveCfg = Release|x64
		{82BC22B5-1D58-28BA-8735-58B591E1D154}.Release|x64.Build.0 = Release|x64
		{82BC22B5-1D58-28BA-8735-58B591E1D154}.Purify|Win32.ActiveCfg = Purify|Win32
		{82BC22B5-1D58-28BA-8735-58B591E1D154}.Purify|Win32.Build.0 = Purify|Win32
		{82BC22B5-1D58-28BA-8735-58B591E1D154}.Purify|x64.ActiveCfg = Purify|x64
		{82BC22B5-1D58-28BA-8735-58B591E1D154}.Purify|x64.Build.0 = Purify|x64
		{82BC22B5-1D58-28BA-8735-58B591E1D154}.Debug|x64.ActiveCfg = Debug|x64
		{82BC22B5-1D58-28BA-8735-58B591E1D154}.Debug|x64.Build.0 = Debug|x64
		{82BC22B5-1D58-28BA-8735-58B591E1D154}.Release|Win32.ActiveCfg = Release|Win32
		{82BC22B5-1D58-28BA-8735-58B591E1D154}.Release|Win32.Build.0 = Release|Win32
		{8423AF0D-4B88-4EBF-94E1-E4D00D00E21C}.Debug|Win32.ActiveCfg = Debug|Win32
		{8423AF0D-4B88-4EBF-94E1-E4D00D00E21C}.Debug|Win32.Build.0 = Debug|Win32
		{8423AF0D-4B88-4EBF-94E1-E4D00D00E21C}.Release|x64.ActiveCfg = Release|x64
		{8423AF0D-4B88-4EBF-94E1-E4D00D00E21C}.Release|x64.Build.0 = Release|x64
		{8423AF0D-4B88-4EBF-94E1-E4D00D00E21C}.Purify|Win32.ActiveCfg = Purify|Win32
		{8423AF0D-4B88-4EBF-94E1-E4D00D00E21C}.Purify|Win32.Build.0 = Purify|Win32
		{8423AF0D-4B88-4EBF-94E1-E4D00D00E21C}.Purify|x64.ActiveCfg = Purify|x64
		{8423AF0D-4B88-4EBF-94E1-E4D00D00E21C}.Purify|x64.Build.0 = Purify|x64
		{8423AF0D-4B88-4EBF-94E1-E4D00D00E21C}.Debug|x64.ActiveCfg = Debug|x64
		{8423AF0D-4B88-4EBF-94E1-E4D00D00E21C}.Debug|x64.Build.0 = Debug|x64
		{8423AF0D-4B88-4EBF-94E1-E4D00D00E21C}.Release|Win32.ActiveCfg = Release|Win32
		{8423AF0D-4B88-4EBF-94E1-E4D00D00E21C}.Release|Win32.Build.0 = Release|Win32
		{86DB0F97-A41F-34F1-2F87-CB28A427FA21}.Debug|Win32.ActiveCfg = Debug|Win32
		{86DB0F97-A41F-34F1-2F87-CB28A427FA21}.Debug|Win32.Build.0 = Debug|Win32
		{86DB0F97-A41F-34F1-2F87-CB28A427FA21}.Release|x64.ActiveCfg = Release|x64
		{86DB0F97-A41F-34F1-2F87-CB28A427FA21}.Release|x64.Build.0 = Release|x64
		{86DB0F97-A41F-34F1-2F87-CB28A427FA21}.Purify|Win32.ActiveCfg = Purify|Win32
		{86DB0F97-A41F-34F1-2F87-CB28A427FA21}.Purify|Win32.Build.0 = Purify|Win32
		{86DB0F97-A41F-34F1-2F87-CB28A427FA21}.Purify|x64.ActiveCfg = Purify|x64
		{86DB0F97-A41F-34F1-2F87-CB28A427FA21}.Purify|x64.Build.0 = Purify|x64
		{86DB0F97-A41F-34F1-2F87-CB28A427FA21}.Debug|x64.ActiveCfg = Debug|x64
		{86DB0F97-A41F-34F1-2F87-CB28A427FA21}.Debug|x64.Build.0 = Debug|x64
		{86DB0F97-A41F-34F1-2F87-CB28A427FA21}.Release|Win32.ActiveCfg = Release|Win32
		{86DB0F97-A41F-34F1-2F87-CB28A427FA21}.Release|Win32.Build.0 = Release|Win32
		{879286C0-3234-D14B-BB2C-32D4D1B809CE}.Debug|Win32.ActiveCfg = Debug|Win32
		{879286C0-3234-D14B-BB2C-32D4D1B809CE}.Debug|Win32.Build.0 = Debug|Win32
		{879286C0-3234-D14B-BB2C-32D4D1B809CE}.Release|x64.ActiveCfg = Release|x64
		{879286C0-3234-D14B-BB2C-32D4D1B809CE}.Release|x64.Build.0 = Release|x64
		{879286C0-3234-D14B-BB2C-32D4D1B809CE}.Purify|Win32.ActiveCfg = Purify|Win32
		{879286C0-3234-D14B-BB2C-32D4D1B809CE}.Purify|Win32.Build.0 = Purify|Win32
		{879286C0-3234-D14B-BB2C-32D4D1B809CE}.Purify|x64.ActiveCfg = Purify|x64
		{879286C0-3234-D14B-BB2C-32D4D1B809CE}.Purify|x64.Build.0 = Purify|x64
		{879286C0-3234-D14B-BB2C-32D4D1B809CE}.Debug|x64.ActiveCfg = Debug|x64
		{879286C0-3234-D14B-BB2C-32D4D1B809CE}.Debug|x64.Build.0 = Debug|x64
		{879286C0-3234-D14B-BB2C-32D4D1B809CE}.Release|Win32.ActiveCfg = Release|Win32
		{879286C0-3234-D14B-BB2C-32D4D1B809CE}.Release|Win32.Build.0 = Release|Win32
		{90E3191C-B724-5EBB-8F99-C3BCE03AE8CD}.Debug|Win32.ActiveCfg = Debug|Win32
		{90E3191C-B724-5EBB-8F99-C3BCE03AE8CD}.Debug|Win32.Build.0 = Debug|Win32
		{90E3191C-B724-5EBB-8F99-C3BCE03AE8CD}.Release|x64.ActiveCfg = Release|x64
		{90E3191C-B724-5EBB-8F99-C3BCE03AE8CD}.Release|x64.Build.0 = Release|x64
		{90E3191C-B724-5EBB-8F99-C3BCE03AE8CD}.Purify|Win32.ActiveCfg = Purify|Win32
		{90E3191C-B724-5EBB-8F99-C3BCE03AE8CD}.Purify|Win32.Build.0 = Purify|Win32
		{90E3191C-B724-5EBB-8F99-C3BCE03AE8CD}.Purify|x64.ActiveCfg = Purify|x64
		{90E3191C-B724-5EBB-8F99-C3BCE03AE8CD}.Purify|x64.Build.0 = Purify|x64
		{90E3191C-B724-5EBB-8F99-C3BCE03AE8CD}.Debug|x64.ActiveCfg = Debug|x64
		{90E3191C-B724-5EBB-8F99-C3BCE03AE8CD}.Debug|x64.Build.0 = Debug|x64
		{90E3191C-B724-5EBB-8F99-C3BCE03AE8CD}.Release|Win32.ActiveCfg = Release|Win32
		{90E3191C-B724-5EBB-8F99-C3BCE03AE8CD}.Release|Win32.Build.0 = Release|Win32
		{9E2EFAAB-02B7-4A82-B664-1E98DF6D1953}.Debug|Win32.ActiveCfg = Debug|Win32
		{9E2EFAAB-02B7-4A82-B664-1E98DF6D1953}.Debug|Win32.Build.0 = Debug|Win32
		{9E2EFAAB-02B7-4A82-B664-1E98DF6D1953}.Release|x64.ActiveCfg = Release|x64
		{9E2EFAAB-02B7-4A82-B664-1E98DF6D1953}.Release|x64.Build.0 = Release|x64
		{9E2EFAAB-02B7-4A82-B664-1E98DF6D1953}.Purify|Win32.ActiveCfg = Purify|Win32
		{9E2EFAAB-02B7-4A82-B664-1E98DF6D1953}.Purify|Win32.Build.0 = Purify|Win32
		{9E2EFAAB-02B7-4A82-B664-1E98DF6D1953}.Purify|x64.ActiveCfg = Purify|x64
		{9E2EFAAB-02B7-4A82-B664-1E98DF6D1953}.Purify|x64.Build.0 = Purify|x64
		{9E2EFAAB-02B7-4A82-B664-1E98DF6D1953}.Debug|x64.ActiveCfg = Debug|x64
		{9E2EFAAB-02B7-4A82-B664-1E98DF6D1953}.Debug|x64.Build.0 = Debug|x64
		{9E2EFAAB-02B7-4A82-B664-1E98DF6D1953}.Release|Win32.ActiveCfg = Release|Win32
		{9E2EFAAB-02B7-4A82-B664-1E98DF6D1953}.Release|Win32.Build.0 = Release|Win32
		{AA8A5A85-592B-4357-BC60-E0E91E026AF6}.Debug|Win32.ActiveCfg = Debug|Win32
		{AA8A5A85-592B-4357-BC60-E0E91E026AF6}.Debug|Win32.Build.0 = Debug|Win32
		{AA8A5A85-592B-4357-BC60-E0E91E026AF6}.Release|x64.ActiveCfg = Release|x64
		{AA8A5A85-592B-4357-BC60-E0E91E026AF6}.Release|x64.Build.0 = Release|x64
		{AA8A5A85-592B-4357-BC60-E0E91E026AF6}.Purify|Win32.ActiveCfg = Purify|Win32
		{AA8A5A85-592B-4357-BC60-E0E91E026AF6}.Purify|Win32.Build.0 = Purify|Win32
		{AA8A5A85-592B-4357-BC60-E0E91E026AF6}.Purify|x64.ActiveCfg = Purify|x64
		{AA8A5A85-592B-4357-BC60-E0E91E026AF6}.Purify|x64.Build.0 = Purify|x64
		{AA8A5A85-592B-4357-BC60-E0E91E026AF6}.Debug|x64.ActiveCfg = Debug|x64
		{AA8A5A85-592B-4357-BC60-E0E91E026AF6}.Debug|x64.Build.0 = Debug|x64
		{AA8A5A85-592B-4357-BC60-E0E91E026AF6}.Release|Win32.ActiveCfg = Release|Win32
		{AA8A5A85-592B-4357-BC60-E0E91E026AF6}.Release|Win32.Build.0 = Release|Win32
		{B27372DD-81D1-D54C-2730-8A99904230AA}.Debug|Win32.ActiveCfg = Debug|Win32
		{B27372DD-81D1-D54C-2730-8A99904230AA}.Debug|Win32.Build.0 = Debug|Win32
		{B27372DD-81D1-D54C-2730-8A99904230AA}.Release|x64.ActiveCfg = Release|x64
		{B27372DD-81D1-D54C-2730-8A99904230AA}.Release|x64.Build.0 = Release|x64
		{B27372DD-81D1-D54C-2730-8A99904230AA}.Purify|Win32.ActiveCfg = Purify|Win32
		{B27372DD-81D1-D54C-2730-8A99904230AA}.Purify|Win32.Build.0 = Purify|Win32
		{B27372DD-81D1-D54C-2730-8A99904230AA}.Purify|x64.ActiveCfg = Purify|x64
		{B27372DD-81D1-D54C-2730-8A99904230AA}.Purify|x64.Build.0 = Purify|x64
		{B27372DD-81D1-D54C-2730-8A99904230AA}.Debug|x64.ActiveCfg = Debug|x64
		{B27372DD-81D1-D54C-2730-8A99904230AA}.Debug|x64.Build.0 = Debug|x64
		{B27372DD-81D1-D54C-2730-8A99904230AA}.Release|Win32.ActiveCfg = Release|Win32
		{B27372DD-81D1-D54C-2730-8A99904230AA}.Release|Win32.Build.0 = Release|Win32
		{C564F145-9172-42C3-BFCB-6014CA97DBCD}.Debug|Win32.ActiveCfg = Debug|Win32
		{C564F145-9172-42C3-BFCB-6014CA97DBCD}.Debug|Win32.Build.0 = Debug|Win32
		{C564F145-9172-42C3-BFCB-6014CA97DBCD}.Release|x64.ActiveCfg = Release|x64
		{C564F145-9172-42C3-BFCB-6014CA97DBCD}.Release|x64.Build.0 = Release|x64
		{C564F145-9172-42C3-BFCB-6014CA97DBCD}.Purify|Win32.ActiveCfg = Purify|Win32
		{C564F145-9172-42C3-BFCB-6014CA97DBCD}.Purify|Win32.Build.0 = Purify|Win32
		{C564F145-9172-42C3-BFCB-6014CA97DBCD}.Purify|x64.ActiveCfg = Purify|x64
		{C564F145-9172-42C3-BFCB-6014CA97DBCD}.Purify|x64.Build.0 = Purify|x64
		{C564F145-9172-42C3-BFCB-6014CA97DBCD}.Debug|x64.ActiveCfg = Debug|x64
		{C564F145-9172-42C3-BFCB-6014CA97DBCD}.Debug|x64.Build.0 = Debug|x64
		{C564F145-9172-42C3-BFCB-6014CA97DBCD}.Release|Win32.ActiveCfg = Release|Win32
		{C564F145-9172-42C3-BFCB-6014CA97DBCD}.Release|Win32.Build.0 = Release|Win32
		{CD9CA56E-4E94-444C-87D4-58CA1E6F300D}.Debug|Win32.ActiveCfg = Debug|Win32
		{CD9CA56E-4E94-444C-87D4-58CA1E6F300D}.Debug|Win32.Build.0 = Debug|Win32
		{CD9CA56E-4E94-444C-87D4-58CA1E6F300D}.Release|x64.ActiveCfg = Release|x64
		{CD9CA56E-4E94-444C-87D4-58CA1E6F300D}.Release|x64.Build.0 = Release|x64
		{CD9CA56E-4E94-444C-87D4-58CA1E6F300D}.Purify|Win32.ActiveCfg = Purify|Win32
		{CD9CA56E-4E94-444C-87D4-58CA1E6F300D}.Purify|Win32.Build.0 = Purify|Win32
		{CD9CA56E-4E94-444C-87D4-58CA1E6F300D}.Purify|x64.ActiveCfg = Purify|x64
		{CD9CA56E-4E94-444C-87D4-58CA1E6F300D}.Purify|x64.Build.0 = Purify|x64
		{CD9CA56E-4E94-444C-87D4-58CA1E6F300D}.Debug|x64.ActiveCfg = Debug|x64
		{CD9CA56E-4E94-444C-87D4-58CA1E6F300D}.Debug|x64.Build.0 = Debug|x64
		{CD9CA56E-4E94-444C-87D4-58CA1E6F300D}.Release|Win32.ActiveCfg = Release|Win32
		{CD9CA56E-4E94-444C-87D4-58CA1E6F300D}.Release|Win32.Build.0 = Release|Win32
		{D28CF9C7-B857-C11E-B94D-ECA46CDEB3CE}.Debug|Win32.ActiveCfg = Debug|Win32
		{D28CF9C7-B857-C11E-B94D-ECA46CDEB3CE}.Debug|Win32.Build.0 = Debug|Win32
		{D28CF9C7-B857-C11E-B94D-ECA46CDEB3CE}.Release|x64.ActiveCfg = Release|x64
		{D28CF9C7-B857-C11E-B94D-ECA46CDEB3CE}.Release|x64.Build.0 = Release|x64
		{D28CF9C7-B857-C11E-B94D-ECA46CDEB3CE}.Purify|Win32.ActiveCfg = Purify|Win32
		{D28CF9C7-B857-C11E-B94D-ECA46CDEB3CE}.Purify|Win32.Build.0 = Purify|Win32
		{D28CF9C7-B857-C11E-B94D-ECA46CDEB3CE}.Purify|x64.ActiveCfg = Purify|x64
		{D28CF9C7-B857-C11E-B94D-ECA46CDEB3CE}.Purify|x64.Build.0 = Purify|x64
		{D28CF9C7-B857-C11E-B94D-ECA46CDEB3CE}.Debug|x64.ActiveCfg = Debug|x64
		{D28CF9C7-B857-C11E-B94D-ECA46CDEB3CE}.Debug|x64.Build.0 = Debug|x64
		{D28CF9C7-B857-C11E-B94D-ECA46CDEB3CE}.Release|Win32.ActiveCfg = Release|Win32
		{D28CF9C7-B857-C11E-B94D-ECA46CDEB3CE}.Release|Win32.Build.0 = Release|Win32
		{D3A97815-3309-44F8-B9BB-CBBE2393A454}.Debug|Win32.ActiveCfg = Debug|Win32
		{D3A97815-3309-44F8-B9BB-CBBE2393A454}.Debug|Win32.Build.0 = Debug|Win32
		{D3A97815-3309-44F8-B9BB-CBBE2393A454}.Release|x64.ActiveCfg = Release|x64
		{D3A97815-3309-44F8-B9BB-CBBE2393A454}.Release|x64.Build.0 = Release|x64
		{D3A97815-3309-44F8-B9BB-CBBE2393A454}.Purify|Win32.ActiveCfg = Purify|Win32
		{D3A97815-3309-44F8-B9BB-CBBE2393A454}.Purify|Win32.Build.0 = Purify|Win32
		{D3A97815-3309-44F8-B9BB-CBBE2393A454}.Purify|x64.ActiveCfg = Purify|x64
		{D3A97815-3309-44F8-B9BB-CBBE2393A454}.Purify|x64.Build.0 = Purify|x64
		{D3A97815-3309-44F8-B9BB-CBBE2393A454}.Debug|x64.ActiveCfg = Debug|x64
		{D3A97815-3309-44F8-B9BB-CBBE2393A454}.Debug|x64.Build.0 = Debug|x64
		{D3A97815-3309-44F8-B9BB-CBBE2393A454}.Release|Win32.ActiveCfg = Release|Win32
		{D3A97815-3309-44F8-B9BB-CBBE2393A454}.Release|Win32.Build.0 = Release|Win32
		{DA6CD78F-6A80-A996-547D-2404C4E2371B}.Debug|Win32.ActiveCfg = Debug|Win32
		{DA6CD78F-6A80-A996-547D-2404C4E2371B}.Debug|Win32.Build.0 = Debug|Win32
		{DA6CD78F-6A80-A996-547D-2404C4E2371B}.Release|x64.ActiveCfg = Release|x64
		{DA6CD78F-6A80-A996-547D-2404C4E2371B}.Release|x64.Build.0 = Release|x64
		{DA6CD78F-6A80-A996-547D-2404C4E2371B}.Purify|Win32.ActiveCfg = Purify|Win32
		{DA6CD78F-6A80-A996-547D-2404C4E2371B}.Purify|Win32.Build.0 = Purify|Win32
		{DA6CD78F-6A80-A996-547D-2404C4E2371B}.Purify|x64.ActiveCfg = Purify|x64
		{DA6CD78F-6A80-A996-547D-2404C4E2371B}.Purify|x64.Build.0 = Purify|x64
		{DA6CD78F-6A80-A996-547D-2404C4E2371B}.Debug|x64.ActiveCfg = Debug|x64
		{DA6CD78F-6A80-A996-547D-2404C4E2371B}.Debug|x64.Build.0 = Debug|x64
		{DA6CD78F-6A80-A996-547D-2404C4E2371B}.Release|Win32.ActiveCfg = Release|Win32
		{DA6CD78F-6A80-A996-547D-2404C4E2371B}.Release|Win32.Build.0 = Release|Win32
		{E93F1B93-2910-EF29-3238-2E536A73A99E}.Debug|Win32.ActiveCfg = Debug|Win32
		{E93F1B93-2910-EF29-3238-2E536A73A99E}.Debug|Win32.Build.0 = Debug|Win32
		{E93F1B93-2910-EF29-3238-2E536A73A99E}.Release|x64.ActiveCfg = Release|x64
		{E93F1B93-2910-EF29-3238-2E536A73A99E}.Release|x64.Build.0 = Release|x64
		{E93F1B93-2910-EF29-3238-2E536A73A99E}.Purify|Win32.ActiveCfg = Purify|Win32
		{E93F1B93-2910-EF29-3238-2E536A73A99E}.Purify|Win32.Build.0 = Purify|Win32
		{E93F1B93-2910-EF29-3238-2E536A73A99E}.Purify|x64.ActiveCfg = Purify|x64
		{E93F1B93-2910-EF29-3238-2E536A73A99E}.Purify|x64.Build.0 = Purify|x64
		{E93F1B93-2910-EF29-3238-2E536A73A99E}.Debug|x64.ActiveCfg = Debug|x64
		{E93F1B93-2910-EF29-3238-2E536A73A99E}.Debug|x64.Build.0 = Debug|x64
		{E93F1B93-2910-EF29-3238-2E536A73A99E}.Release|Win32.ActiveCfg = Release|Win32
		{E93F1B93-2910-EF29-3238-2E536A73A99E}.Release|Win32.Build.0 = Release|Win32
		{EF3AD1A1-5FA6-4B70-9CCC-F5AE4C6D0892}.Debug|Win32.ActiveCfg = Debug|Win32
		{EF3AD1A1-5FA6-4B70-9CCC-F5AE4C6D0892}.Debug|Win32.Build.0 = Debug|Win32
		{EF3AD1A1-5FA6-4B70-9CCC-F5AE4C6D0892}.Release|x64.ActiveCfg = Release|x64
		{EF3AD1A1-5FA6-4B70-9CCC-F5AE4C6D0892}.Release|x64.Build.0 = Release|x64
		{EF3AD1A1-5FA6-4B70-9CCC-F5AE4C6D0892}.Purify|Win32.ActiveCfg = Purify|Win32
		{EF3AD1A1-5FA6-4B70-9CCC-F5AE4C6D0892}.Purify|Win32.Build.0 = Purify|Win32
		{EF3AD1A1-5FA6-4B70-9CCC-F5AE4C6D0892}.Purify|x64.ActiveCfg = Purify|x64
		{EF3AD1A1-5FA6-4B70-9CCC-F5AE4C6D0892}.Purify|x64.Build.0 = Purify|x64
		{EF3AD1A1-5FA6-4B70-9CCC-F5AE4C6D0892}.Debug|x64.ActiveCfg = Debug|x64
		{EF3AD1A1-5FA6-4B70-9CCC-F5AE4C6D0892}.Debug|x64.Build.0 = Debug|x64
		{EF3AD1A1-5FA6-4B70-9CCC-F5AE4C6D0892}.Release|Win32.ActiveCfg = Release|Win32
		{EF3AD1A1-5FA6-4B70-9CCC-F5AE4C6D0892}.Release|Win32.Build.0 = Release|Win32
		{EF5E94AB-B646-4E5B-A058-52EF07B8351C}.Debug|Win32.ActiveCfg = Debug|Win32
		{EF5E94AB-B646-4E5B-A058-52EF07B8351C}.Debug|Win32.Build.0 = Debug|Win32
		{EF5E94AB-B646-4E5B-A058-52EF07B8351C}.Release|x64.ActiveCfg = Release|x64
		{EF5E94AB-B646-4E5B-A058-52EF07B8351C}.Release|x64.Build.0 = Release|x64
		{EF5E94AB-B646-4E5B-A058-52EF07B8351C}.Purify|Win32.ActiveCfg = Purify|Win32
		{EF5E94AB-B646-4E5B-A058-52EF07B8351C}.Purify|Win32.Build.0 = Purify|Win32
		{EF5E94AB-B646-4E5B-A058-52EF07B8351C}.Purify|x64.ActiveCfg = Purify|x64
		{EF5E94AB-B646-4E5B-A058-52EF07B8351C}.Purify|x64.Build.0 = Purify|x64
		{EF5E94AB-B646-4E5B-A058-52EF07B8351C}.Debug|x64.ActiveCfg = Debug|x64
		{EF5E94AB-B646-4E5B-A058-52EF07B8351C}.Debug|x64.Build.0 = Debug|x64
		{EF5E94AB-B646-4E5B-A058-52EF07B8351C}.Release|Win32.ActiveCfg = Release|Win32
		{EF5E94AB-B646-4E5B-A058-52EF07B8351C}.Release|Win32.Build.0 = Release|Win32
		{F6795CB7-29A6-7345-A30E-0F620B45EA88}.Debug|Win32.ActiveCfg = Debug|Win32
		{F6795CB7-29A6-7345-A30E-0F620B45EA88}.Debug|Win32.Build.0 = Debug|Win32
		{F6795CB7-29A6-7345-A30E-0F620B45EA88}.Release|x64.ActiveCfg = Release|x64
		{F6795CB7-29A6-7345-A30E-0F620B45EA88}.Release|x64.Build.0 = Release|x64
		{F6795CB7-29A6-7345-A30E-0F620B45EA88}.Purify|Win32.ActiveCfg = Purify|Win32
		{F6795CB7-29A6-7345-A30E-0F620B45EA88}.Purify|Win32.Build.0 = Purify|Win32
		{F6795CB7-29A6-7345-A30E-0F620B45EA88}.Purify|x64.ActiveCfg = Purify|x64
		{F6795CB7-29A6-7345-A30E-0F620B45EA88}.Purify|x64.Build.0 = Purify|x64
		{F6795CB7-29A6-7345-A30E-0F620B45EA88}.Debug|x64.ActiveCfg = Debug|x64
		{F6795CB7-29A6-7345-A30E-0F620B45EA88}.Debug|x64.Build.0 = Debug|x64
		{F6795CB7-29A6-7345-A30E-0F620B45EA88}.Release|Win32.ActiveCfg = Release|Win32
		{F6795CB7-29A6-7345-A30E-0F620B45EA88}.Release|Win32.Build.0 = Release|Win32
		{F9810DE8-CBC3-4605-A7B1-ECA2D5292FD7}.Debug|Win32.ActiveCfg = Debug|Win32
		{F9810DE8-CBC3-4605-A7B1-ECA2D5292FD7}.Debug|Win32.Build.0 = Debug|Win32
		{F9810DE8-CBC3-4605-A7B1-ECA2D5292FD7}.Release|x64.ActiveCfg = Release|x64
		{F9810DE8-CBC3-4605-A7B1-ECA2D5292FD7}.Release|x64.Build.0 = Release|x64
		{F9810DE8-CBC3-4605-A7B1-ECA2D5292FD7}.Purify|Win32.ActiveCfg = Purify|Win32
		{F9810DE8-CBC3-4605-A7B1-ECA2D5292FD7}.Purify|Win32.Build.0 = Purify|Win32
		{F9810DE8-CBC3-4605-A7B1-ECA2D5292FD7}.Purify|x64.ActiveCfg = Purify|x64
		{F9810DE8-CBC3-4605-A7B1-ECA2D5292FD7}.Purify|x64.Build.0 = Purify|x64
		{F9810DE8-CBC3-4605-A7B1-ECA2D5292FD7}.Debug|x64.ActiveCfg = Debug|x64
		{F9810DE8-CBC3-4605-A7B1-ECA2D5292FD7}.Debug|x64.Build.0 = Debug|x64
		{F9810DE8-CBC3-4605-A7B1-ECA2D5292FD7}.Release|Win32.ActiveCfg = Release|Win32
		{F9810DE8-CBC3-4605-A7B1-ECA2D5292FD7}.Release|Win32.Build.0 = Release|Win32
		{FC0E1FD0-5DD7-4041-A1C9-CD3C376E4EED}.Debug|Win32.ActiveCfg = Debug|Win32
		{FC0E1FD0-5DD7-4041-A1C9-CD3C376E4EED}.Debug|Win32.Build.0 = Debug|Win32
		{FC0E1FD0-5DD7-4041-A1C9-CD3C376E4EED}.Release|x64.ActiveCfg = Release|x64
		{FC0E1FD0-5DD7-4041-A1C9-CD3C376E4EED}.Release|x64.Build.0 = Release|x64
		{FC0E1FD0-5DD7-4041-A1C9-CD3C376E4EED}.Purify|Win32.ActiveCfg = Purify|Win32
		{FC0E1FD0-5DD7-4041-A1C9-CD3C376E4EED}.Purify|Win32.Build.0 = Purify|Win32
		{FC0E1FD0-5DD7-4041-A1C9-CD3C376E4EED}.Purify|x64.ActiveCfg = Purify|x64
		{FC0E1FD0-5DD7-4041-A1C9-CD3C376E4EED}.Purify|x64.Build.0 = Purify|x64
		{FC0E1FD0-5DD7-4041-A1C9-CD3C376E4EED}.Debug|x64.ActiveCfg = Debug|x64
		{FC0E1FD0-5DD7-4041-A1C9-CD3C376E4EED}.Debug|x64.Build.0 = Debug|x64
		{FC0E1FD0-5DD7-4041-A1C9-CD3C376E4EED}.Release|Win32.ActiveCfg = Release|Win32
		{FC0E1FD0-5DD7-4041-A1C9-CD3C376E4EED}.Release|Win32.Build.0 = Release|Win32
	EndGlobalSection
	GlobalSection(SolutionProperties) = preSolution
		HideSolutionNode = FALSE
	EndGlobalSection
	GlobalSection(NestedProjects) = preSolution
		{BB6FE021-BEDC-DDBC-04ED-4B76258204A6} = {1F1A77BD-507E-DADF-A888-76CD54279D6D}
		{2E2D3301-2EC4-4C0F-B889-87073B30F673} = {BB6FE021-BEDC-DDBC-04ED-4B76258204A6}
		{49909552-0B0C-4C14-8CF6-DB8A2ADE0934} = {BB6FE021-BEDC-DDBC-04ED-4B76258204A6}
		{AA8A5A85-592B-4357-BC60-E0E91E026AF6} = {BB6FE021-BEDC-DDBC-04ED-4B76258204A6}
		{26F5709A-032E-8B3E-43E5-73FD0F7FD013} = {A8BC79F2-F2ED-8F35-5EA9-B0CE6F648668}
		{90E3191C-B724-5EBB-8F99-C3BCE03AE8CD} = {26F5709A-032E-8B3E-43E5-73FD0F7FD013}
		{E93F1B93-2910-EF29-3238-2E536A73A99E} = {26F5709A-032E-8B3E-43E5-73FD0F7FD013}
		{474971CD-4493-F83D-DE81-53623AD86B84} = {26F5709A-032E-8B3E-43E5-73FD0F7FD013}
		{1C16337B-ACF3-4D03-AA90-851C5B5EADA6} = {26F5709A-032E-8B3E-43E5-73FD0F7FD013}
		{A8BC79F2-F2ED-8F35-5EA9-B0CE6F648668} = {7C6CDB29-38D7-8364-748C-AEAAD8CCFB36}
		{1F1A77BD-507E-DADF-A888-76CD54279D6D} = {7C6CDB29-38D7-8364-748C-AEAAD8CCFB36}
		{1AF8C68F-B8D1-BD7D-27E7-9BA001DECAFD} = {E84BD6B4-44F2-6E18-7DE5-1E60AEB78443}
		{1832A374-8A74-4F9E-B536-69A699B3E165} = {9785FB75-982A-5DE3-252D-3F288B9FEF5B}
		{3E7FA5AF-27B3-2DE0-883C-12F98E7F4E81} = {9785FB75-982A-5DE3-252D-3F288B9FEF5B}
		{E8172FD5-71EF-020B-71B0-9838CD43BF8E} = {BC1FC5DA-9C54-7D77-0BFF-DEDDFD7A8F6C}
		{299D9456-929B-5224-943D-BFC2576C69EA} = {BC1FC5DA-9C54-7D77-0BFF-DEDDFD7A8F6C}
		{73567E7A-CD96-9778-5847-70084CD79BAD} = {C2E276B7-2737-A889-723C-CE2956B80FB7}
		{0B3473E8-0E51-FD23-D332-32215C62FCC8} = {C2E276B7-2737-A889-723C-CE2956B80FB7}
		{86DB0F97-A41F-34F1-2F87-CB28A427FA21} = {C2E276B7-2737-A889-723C-CE2956B80FB7}
		{3FDEE94A-9D58-DECE-74BA-5565754EFEFF} = {C2E276B7-2737-A889-723C-CE2956B80FB7}
		{6B46BC09-E420-1A88-B5A6-C948B762DB4D} = {C2E276B7-2737-A889-723C-CE2956B80FB7}
		{F6795CB7-29A6-7345-A30E-0F620B45EA88} = {C2E276B7-2737-A889-723C-CE2956B80FB7}
		{879286C0-3234-D14B-BB2C-32D4D1B809CE} = {7FAA885C-04CF-4C6B-16F0-E9F0B44641AF}
		{6B52D8DC-D637-A223-A5D6-5D398661A1A1} = {7FAA885C-04CF-4C6B-16F0-E9F0B44641AF}
		{82BC22B5-1D58-28BA-8735-58B591E1D154} = {7FAA885C-04CF-4C6B-16F0-E9F0B44641AF}
		{0DDC1AA2-9418-2337-6268-A7FC5212154C} = {7FAA885C-04CF-4C6B-16F0-E9F0B44641AF}
		{B27372DD-81D1-D54C-2730-8A99904230AA} = {7FAA885C-04CF-4C6B-16F0-E9F0B44641AF}
		{688695F9-2D8C-62FD-E442-82C313303E2C} = {7FAA885C-04CF-4C6B-16F0-E9F0B44641AF}
		{14E7F2BB-B8FC-4DC1-B04D-31C06BDFA1D9} = {2DE59335-96CE-10CA-CDE5-FEC35E3549BB}
		{9E2EFAAB-02B7-4A82-B664-1E98DF6D1953} = {2DE59335-96CE-10CA-CDE5-FEC35E3549BB}
		{D3A97815-3309-44F8-B9BB-CBBE2393A454} = {2DE59335-96CE-10CA-CDE5-FEC35E3549BB}
		{734E8BCE-B176-FFC7-D86A-3A843A26342E} = {CD014008-1CDB-809B-D770-C67A261539F7}
		{DA6CD78F-6A80-A996-547D-2404C4E2371B} = {CD014008-1CDB-809B-D770-C67A261539F7}
		{71309F2F-CA6B-BD48-4995-6A84EB984622} = {5B17195B-58DF-4533-4FE7-D2747913694E}
		{CD9CA56E-4E94-444C-87D4-58CA1E6F300D} = {5B17195B-58DF-4533-4FE7-D2747913694E}
		{4C954A87-EBAA-D440-0B5E-4343FE591CEA} = {1AF8C68F-B8D1-BD7D-27E7-9BA001DECAFD}
		{EF5E94AB-B646-4E5B-A058-52EF07B8351C} = {299D9456-929B-5224-943D-BFC2576C69EA}
		{EF3AD1A1-5FA6-4B70-9CCC-F5AE4C6D0892} = {3E7FA5AF-27B3-2DE0-883C-12F98E7F4E81}
		{6EAD4A4B-2BBC-4974-8E45-BB5C16CC2AC9} = {89C816A7-DD31-D54C-C69C-5A80E0C49B77}
		{529831C4-5E17-4B0F-814E-08DD1D5AFC0B} = {89C816A7-DD31-D54C-C69C-5A80E0C49B77}
		{238CE175-76CE-4A25-A676-69D115885601} = {89C816A7-DD31-D54C-C69C-5A80E0C49B77}
		{CD014008-1CDB-809B-D770-C67A261539F7} = {89C816A7-DD31-D54C-C69C-5A80E0C49B77}
		{7100F41F-868D-4E99-80A2-AF8E6574749D} = {89C816A7-DD31-D54C-C69C-5A80E0C49B77}
		{8423AF0D-4B88-4EBF-94E1-E4D00D00E21C} = {89C816A7-DD31-D54C-C69C-5A80E0C49B77}
		{C564F145-9172-42C3-BFCB-6014CA97DBCD} = {89C816A7-DD31-D54C-C69C-5A80E0C49B77}
		{F9810DE8-CBC3-4605-A7B1-ECA2D5292FD7} = {89C816A7-DD31-D54C-C69C-5A80E0C49B77}
		{FC0E1FD0-5DD7-4041-A1C9-CD3C376E4EED} = {89C816A7-DD31-D54C-C69C-5A80E0C49B77}
		{7C6CDB29-38D7-8364-748C-AEAAD8CCFB36} = {89C816A7-DD31-D54C-C69C-5A80E0C49B77}
		{E84BD6B4-44F2-6E18-7DE5-1E60AEB78443} = {89C816A7-DD31-D54C-C69C-5A80E0C49B77}
		{59A5EF20-1CA5-F296-FB4D-2CA57B03C38E} = {89C816A7-DD31-D54C-C69C-5A80E0C49B77}
		{2DE59335-96CE-10CA-CDE5-FEC35E3549BB} = {89C816A7-DD31-D54C-C69C-5A80E0C49B77}
		{7FAA885C-04CF-4C6B-16F0-E9F0B44641AF} = {E95778BD-E4AC-C3D0-84EF-83684E04593A}
		{E95778BD-E4AC-C3D0-84EF-83684E04593A} = {F3545621-A177-A1E7-26DB-108FF716F075}
		{D28CF9C7-B857-C11E-B94D-ECA46CDEB3CE} = {E8172FD5-71EF-020B-71B0-9838CD43BF8E}
	EndGlobalSection
EndGlobal
